
Microsoft Visual Studio Solution File, Format Version 12.00
# Visual Studio 15
VisualStudioVersion = 15.0.28307.1758
MinimumVisualStudioVersion = 10.0.40219.1
Project("{9A19103F-16F7-4668-BE54-9A1E7A4F7556}") = "MongoApiCrud", "MongoApiCrud\MongoApiCrud.csproj", "{FFAE05F9-A3BD-424E-9A98-FE7F42AFD228}"
EndProject
Project("{FAE04EC0-301F-11D3-BF4B-00C04F79EFBC}") = "UnitTest.Employee", "UnitTest.Employee\UnitTest.Employee.csproj", "{AD43CF3B-DFCB-41F1-A6C2-1B4D125704AF}"
EndProject
Global
	GlobalSection(SolutionConfigurationPlatforms) = preSolution
		Debug|Any CPU = Debug|Any CPU
		Release|Any CPU = Release|Any CPU
	EndGlobalSection
	GlobalSection(ProjectConfigurationPlatforms) = postSolution
		{FFAE05F9-A3BD-424E-9A98-FE7F42AFD228}.Debug|Any CPU.ActiveCfg = Debug|Any CPU
		{FFAE05F9-A3BD-424E-9A98-FE7F42AFD228}.Debug|Any CPU.Build.0 = Debug|Any CPU
		{FFAE05F9-A3BD-424E-9A98-FE7F42AFD228}.Release|Any CPU.ActiveCfg = Release|Any CPU
		{FFAE05F9-A3BD-424E-9A98-FE7F42AFD228}.Release|Any CPU.Build.0 = Release|Any CPU
		{AD43CF3B-DFCB-41F1-A6C2-1B4D125704AF}.Debug|Any CPU.ActiveCfg = Debug|Any CPU
		{AD43CF3B-DFCB-41F1-A6C2-1B4D125704AF}.Debug|Any CPU.Build.0 = Debug|Any CPU
		{AD43CF3B-DFCB-41F1-A6C2-1B4D125704AF}.Release|Any CPU.ActiveCfg = Release|Any CPU
		{AD43CF3B-DFCB-41F1-A6C2-1B4D125704AF}.Release|Any CPU.Build.0 = Release|Any CPU
	EndGlobalSection
	GlobalSection(SolutionProperties) = preSolution
		HideSolutionNode = FALSE
	EndGlobalSection
	GlobalSection(ExtensibilityGlobals) = postSolution
		SolutionGuid = {08AA0DE5-8E41-4C40-85CE-11D3D0B5F6F8}
	EndGlobalSection
EndGlobal
